
Microsoft Visual Studio Solution File, Format Version 12.00
# Visual Studio Version 16
VisualStudioVersion = 25.0.1703.3
MinimumVisualStudioVersion = 10.0.40219.1
Project("{FAE04EC0-301F-11D3-BF4B-00C04F79EFBC}") = "CircleCiTestFunction", "CircleCiTestFunction\CircleCiTestFunction.csproj", "{EBD702C0-D7BD-437F-B075-EA0C6F716454}"
EndProject
Project("{FAE04EC0-301F-11D3-BF4B-00C04F79EFBC}") = "CircleCiTestFunctionTests", "CircleCiTestFunctionTests\CircleCiTestFunctionTests.csproj", "{7F72F181-1283-4CCB-BF6F-13B96769F211}"
EndProject
Global
	GlobalSection(SolutionConfigurationPlatforms) = preSolution
		Debug|Any CPU = Debug|Any CPU
		Release|Any CPU = Release|Any CPU
	EndGlobalSection
	GlobalSection(ProjectConfigurationPlatforms) = postSolution
		{EBD702C0-D7BD-437F-B075-EA0C6F716454}.Debug|Any CPU.ActiveCfg = Debug|Any CPU
		{EBD702C0-D7BD-437F-B075-EA0C6F716454}.Debug|Any CPU.Build.0 = Debug|Any CPU
		{EBD702C0-D7BD-437F-B075-EA0C6F716454}.Release|Any CPU.ActiveCfg = Release|Any CPU
		{EBD702C0-D7BD-437F-B075-EA0C6F716454}.Release|Any CPU.Build.0 = Release|Any CPU
		{7F72F181-1283-4CCB-BF6F-13B96769F211}.Debug|Any CPU.ActiveCfg = Debug|Any CPU
		{7F72F181-1283-4CCB-BF6F-13B96769F211}.Debug|Any CPU.Build.0 = Debug|Any CPU
		{7F72F181-1283-4CCB-BF6F-13B96769F211}.Release|Any CPU.ActiveCfg = Release|Any CPU
		{7F72F181-1283-4CCB-BF6F-13B96769F211}.Release|Any CPU.Build.0 = Release|Any CPU
	EndGlobalSection
	GlobalSection(SolutionProperties) = preSolution
		HideSolutionNode = FALSE
	EndGlobalSection
	GlobalSection(ExtensibilityGlobals) = postSolution
		SolutionGuid = {8534FFD8-5859-410B-93AF-4096E7D821E7}
	EndGlobalSection
EndGlobal
